
Microsoft Visual Studio Solution File, Format Version 12.00
# Visual Studio Version 16
VisualStudioVersion = 16.0.31424.327
MinimumVisualStudioVersion = 10.0.40219.1
Project("{FAE04EC0-301F-11D3-BF4B-00C04F79EFBC}") = "CEUD.WebApp", "WebApplication1\CEUD.WebApp.csproj", "{81B04DD7-D9A6-4CE7-99DF-5D8E78992BE6}"
EndProject
Project("{FAE04EC0-301F-11D3-BF4B-00C04F79EFBC}") = "WebAPI", "WebApplication2\WebAPI.csproj", "{19014F63-8EE0-474B-94F9-C31E0CA8C595}"
EndProject
Global
	GlobalSection(SolutionConfigurationPlatforms) = preSolution
		Debug|Any CPU = Debug|Any CPU
		Release|Any CPU = Release|Any CPU
	EndGlobalSection
	GlobalSection(ProjectConfigurationPlatforms) = postSolution
		{81B04DD7-D9A6-4CE7-99DF-5D8E78992BE6}.Debug|Any CPU.ActiveCfg = Debug|Any CPU
		{81B04DD7-D9A6-4CE7-99DF-5D8E78992BE6}.Debug|Any CPU.Build.0 = Debug|Any CPU
		{81B04DD7-D9A6-4CE7-99DF-5D8E78992BE6}.Release|Any CPU.ActiveCfg = Release|Any CPU
		{81B04DD7-D9A6-4CE7-99DF-5D8E78992BE6}.Release|Any CPU.Build.0 = Release|Any CPU
		{19014F63-8EE0-474B-94F9-C31E0CA8C595}.Debug|Any CPU.ActiveCfg = Debug|Any CPU
		{19014F63-8EE0-474B-94F9-C31E0CA8C595}.Debug|Any CPU.Build.0 = Debug|Any CPU
		{19014F63-8EE0-474B-94F9-C31E0CA8C595}.Release|Any CPU.ActiveCfg = Release|Any CPU
		{19014F63-8EE0-474B-94F9-C31E0CA8C595}.Release|Any CPU.Build.0 = Release|Any CPU
	EndGlobalSection
	GlobalSection(SolutionProperties) = preSolution
		HideSolutionNode = FALSE
	EndGlobalSection
	GlobalSection(ExtensibilityGlobals) = postSolution
		SolutionGuid = {259F0723-7D85-49D1-B1F0-F840DF8C302C}
	EndGlobalSection
EndGlobal
